
Microsoft Visual Studio Solution File, Format Version 10.00
# Visual Studio 2008
Project("{FAE04EC0-301F-11D3-BF4B-00C04F79EFBC}") = "SlimMath", "SlimMath\SlimMath.csproj", "{DC7A5C99-7C3B-4225-A2C5-D5DE54453D31}"
EndProject
Project("{8BC9CEB8-8B4A-11D0-8D11-00A0C91BC942}") = "SlimMath.Tests", "SlimMath.Tests\SlimMath.Tests.vcproj", "{F1089777-7511-454E-87AB-A86B55B7E60B}"
EndProject
Global
	GlobalSection(SolutionConfigurationPlatforms) = preSolution
		Debug|Any CPU = Debug|Any CPU
		Release|Any CPU = Release|Any CPU
	EndGlobalSection
	GlobalSection(ProjectConfigurationPlatforms) = postSolution
		{DC7A5C99-7C3B-4225-A2C5-D5DE54453D31}.Debug|Any CPU.ActiveCfg = Debug|Any CPU
		{DC7A5C99-7C3B-4225-A2C5-D5DE54453D31}.Debug|Any CPU.Build.0 = Debug|Any CPU
		{DC7A5C99-7C3B-4225-A2C5-D5DE54453D31}.Release|Any CPU.ActiveCfg = Release|Any CPU
		{DC7A5C99-7C3B-4225-A2C5-D5DE54453D31}.Release|Any CPU.Build.0 = Release|Any CPU
		{F1089777-7511-454E-87AB-A86B55B7E60B}.Debug|Any CPU.ActiveCfg = Debug|Win32
		{F1089777-7511-454E-87AB-A86B55B7E60B}.Debug|Any CPU.Build.0 = Debug|Win32
		{F1089777-7511-454E-87AB-A86B55B7E60B}.Release|Any CPU.ActiveCfg = Release|Win32
	EndGlobalSection
	GlobalSection(SolutionProperties) = preSolution
		HideSolutionNode = FALSE
	EndGlobalSection
EndGlobal
